
Microsoft Visual Studio Solution File, Format Version 12.00
# Visual Studio Version 17
VisualStudioVersion = 17.5.002.0
MinimumVisualStudioVersion = 10.0.40219.1
Project("{9A19103F-16F7-4668-BE54-9A1E7A4F7556}") = "ObserverSample", "ObserverSample.csproj", "{CD3A770C-824D-4E69-90A1-CABA10095610}"
EndProject
Global
	GlobalSection(SolutionConfigurationPlatforms) = preSolution
		Debug|Any CPU = Debug|Any CPU
		Release|Any CPU = Release|Any CPU
	EndGlobalSection
	GlobalSection(ProjectConfigurationPlatforms) = postSolution
		{CD3A770C-824D-4E69-90A1-CABA10095610}.Debug|Any CPU.ActiveCfg = Debug|Any CPU
		{CD3A770C-824D-4E69-90A1-CABA10095610}.Debug|Any CPU.Build.0 = Debug|Any CPU
		{CD3A770C-824D-4E69-90A1-CABA10095610}.Release|Any CPU.ActiveCfg = Release|Any CPU
		{CD3A770C-824D-4E69-90A1-CABA10095610}.Release|Any CPU.Build.0 = Release|Any CPU
	EndGlobalSection
	GlobalSection(SolutionProperties) = preSolution
		HideSolutionNode = FALSE
	EndGlobalSection
	GlobalSection(ExtensibilityGlobals) = postSolution
		SolutionGuid = {2BE26695-D245-421E-B2BC-88D490602296}
	EndGlobalSection
EndGlobal
