
Microsoft Visual Studio Solution File, Format Version 12.00
# Visual Studio Version 17
VisualStudioVersion = 17.5.002.0
MinimumVisualStudioVersion = 10.0.40219.1
Project("{9A19103F-16F7-4668-BE54-9A1E7A4F7556}") = "StateSample", "StateSample.csproj", "{6CF0B3F7-44E2-43ED-8F3E-71B0B5E5B557}"
EndProject
Global
	GlobalSection(SolutionConfigurationPlatforms) = preSolution
		Debug|Any CPU = Debug|Any CPU
		Release|Any CPU = Release|Any CPU
	EndGlobalSection
	GlobalSection(ProjectConfigurationPlatforms) = postSolution
		{6CF0B3F7-44E2-43ED-8F3E-71B0B5E5B557}.Debug|Any CPU.ActiveCfg = Debug|Any CPU
		{6CF0B3F7-44E2-43ED-8F3E-71B0B5E5B557}.Debug|Any CPU.Build.0 = Debug|Any CPU
		{6CF0B3F7-44E2-43ED-8F3E-71B0B5E5B557}.Release|Any CPU.ActiveCfg = Release|Any CPU
		{6CF0B3F7-44E2-43ED-8F3E-71B0B5E5B557}.Release|Any CPU.Build.0 = Release|Any CPU
	EndGlobalSection
	GlobalSection(SolutionProperties) = preSolution
		HideSolutionNode = FALSE
	EndGlobalSection
	GlobalSection(ExtensibilityGlobals) = postSolution
		SolutionGuid = {EB06165E-92F7-4CB2-82F7-326350BBD53F}
	EndGlobalSection
EndGlobal
